
Microsoft Visual Studio Solution File, Format Version 12.00
# Visual Studio 15
VisualStudioVersion = 15.0.27004.2009
MinimumVisualStudioVersion = 10.0.40219.1
Project("{8BC9CEB8-8B4A-11D0-8D11-00A0C91BC942}") = "baekjoon", "baekjoon\baekjoon.vcxproj", "{ADDF61C4-CEB2-4A8F-99FD-6D4E31BAD7ED}"
EndProject
Global
	GlobalSection(SolutionConfigurationPlatforms) = preSolution
		Debug|x64 = Debug|x64
		Debug|x86 = Debug|x86
		Release|x64 = Release|x64
		Release|x86 = Release|x86
	EndGlobalSection
	GlobalSection(ProjectConfigurationPlatforms) = postSolution
		{ADDF61C4-CEB2-4A8F-99FD-6D4E31BAD7ED}.Debug|x64.ActiveCfg = Debug|x64
		{ADDF61C4-CEB2-4A8F-99FD-6D4E31BAD7ED}.Debug|x64.Build.0 = Debug|x64
		{ADDF61C4-CEB2-4A8F-99FD-6D4E31BAD7ED}.Debug|x86.ActiveCfg = Debug|Win32
		{ADDF61C4-CEB2-4A8F-99FD-6D4E31BAD7ED}.Debug|x86.Build.0 = Debug|Win32
		{ADDF61C4-CEB2-4A8F-99FD-6D4E31BAD7ED}.Release|x64.ActiveCfg = Release|x64
		{ADDF61C4-CEB2-4A8F-99FD-6D4E31BAD7ED}.Release|x64.Build.0 = Release|x64
		{ADDF61C4-CEB2-4A8F-99FD-6D4E31BAD7ED}.Release|x86.ActiveCfg = Release|Win32
		{ADDF61C4-CEB2-4A8F-99FD-6D4E31BAD7ED}.Release|x86.Build.0 = Release|Win32
	EndGlobalSection
	GlobalSection(SolutionProperties) = preSolution
		HideSolutionNode = FALSE
	EndGlobalSection
	GlobalSection(ExtensibilityGlobals) = postSolution
		SolutionGuid = {71C43B37-1956-4260-9187-C6D2CA61C467}
	EndGlobalSection
EndGlobal
